
Microsoft Visual Studio Solution File, Format Version 12.00
# Visual Studio 14
VisualStudioVersion = 14.0.25420.1
MinimumVisualStudioVersion = 10.0.40219.1
Project("{FAE04EC0-301F-11D3-BF4B-00C04F79EFBC}") = "Framework.Sewlin", "Framework.Sewlin\Framework.Sewlin.csproj", "{073FFA6A-B221-46A0-BC81-65DD4D1A3FEC}"
EndProject
Project("{FAE04EC0-301F-11D3-BF4B-00C04F79EFBC}") = "Framework.Selwin.EF", "Framework.Selwin.EF\Framework.Selwin.EF.csproj", "{90088782-BC4B-497E-A0DF-9DF943BAED6C}"
EndProject
Project("{FAE04EC0-301F-11D3-BF4B-00C04F79EFBC}") = "Framework.Selwin.Report", "Framework.Selwin.Report\Framework.Selwin.Report.csproj", "{A14B0321-CB8A-48FB-BADA-7237BA76BA36}"
EndProject
Project("{FAE04EC0-301F-11D3-BF4B-00C04F79EFBC}") = "Framework.Selwin.Converter", "Framework.Selwin.Converter\Framework.Selwin.Converter.csproj", "{C5C768EE-AA99-4C40-B266-F414FC3FFFF2}"
EndProject
Project("{FAE04EC0-301F-11D3-BF4B-00C04F79EFBC}") = "Framework.Selwin.DataHelper", "Framework.Selwin.DataHelper\Framework.Selwin.DataHelper.csproj", "{52223EC4-3294-4697-8FF3-6C57AF5C9C30}"
EndProject
Global
	GlobalSection(SolutionConfigurationPlatforms) = preSolution
		Debug|Any CPU = Debug|Any CPU
		Release|Any CPU = Release|Any CPU
	EndGlobalSection
	GlobalSection(ProjectConfigurationPlatforms) = postSolution
		{073FFA6A-B221-46A0-BC81-65DD4D1A3FEC}.Debug|Any CPU.ActiveCfg = Debug|Any CPU
		{073FFA6A-B221-46A0-BC81-65DD4D1A3FEC}.Debug|Any CPU.Build.0 = Debug|Any CPU
		{073FFA6A-B221-46A0-BC81-65DD4D1A3FEC}.Release|Any CPU.ActiveCfg = Release|Any CPU
		{073FFA6A-B221-46A0-BC81-65DD4D1A3FEC}.Release|Any CPU.Build.0 = Release|Any CPU
		{90088782-BC4B-497E-A0DF-9DF943BAED6C}.Debug|Any CPU.ActiveCfg = Debug|Any CPU
		{90088782-BC4B-497E-A0DF-9DF943BAED6C}.Debug|Any CPU.Build.0 = Debug|Any CPU
		{90088782-BC4B-497E-A0DF-9DF943BAED6C}.Release|Any CPU.ActiveCfg = Release|Any CPU
		{90088782-BC4B-497E-A0DF-9DF943BAED6C}.Release|Any CPU.Build.0 = Release|Any CPU
		{A14B0321-CB8A-48FB-BADA-7237BA76BA36}.Debug|Any CPU.ActiveCfg = Debug|Any CPU
		{A14B0321-CB8A-48FB-BADA-7237BA76BA36}.Debug|Any CPU.Build.0 = Debug|Any CPU
		{A14B0321-CB8A-48FB-BADA-7237BA76BA36}.Release|Any CPU.ActiveCfg = Release|Any CPU
		{A14B0321-CB8A-48FB-BADA-7237BA76BA36}.Release|Any CPU.Build.0 = Release|Any CPU
		{C5C768EE-AA99-4C40-B266-F414FC3FFFF2}.Debug|Any CPU.ActiveCfg = Debug|Any CPU
		{C5C768EE-AA99-4C40-B266-F414FC3FFFF2}.Debug|Any CPU.Build.0 = Debug|Any CPU
		{C5C768EE-AA99-4C40-B266-F414FC3FFFF2}.Release|Any CPU.ActiveCfg = Release|Any CPU
		{C5C768EE-AA99-4C40-B266-F414FC3FFFF2}.Release|Any CPU.Build.0 = Release|Any CPU
		{52223EC4-3294-4697-8FF3-6C57AF5C9C30}.Debug|Any CPU.ActiveCfg = Debug|Any CPU
		{52223EC4-3294-4697-8FF3-6C57AF5C9C30}.Debug|Any CPU.Build.0 = Debug|Any CPU
		{52223EC4-3294-4697-8FF3-6C57AF5C9C30}.Release|Any CPU.ActiveCfg = Release|Any CPU
		{52223EC4-3294-4697-8FF3-6C57AF5C9C30}.Release|Any CPU.Build.0 = Release|Any CPU
	EndGlobalSection
	GlobalSection(SolutionProperties) = preSolution
		HideSolutionNode = FALSE
	EndGlobalSection
EndGlobal
